{
  "name": "paribasa",
  "version": "2.0.0",
  "lockfileVersion": 1,
  "requires": true,
  "dependencies": {
    "flexsearch": {
      "version": "0.6.22",
      "resolved": "https://registry.npmjs.org/flexsearch/-/flexsearch-0.6.22.tgz",
      "integrity": "sha512-Nit36q5LQlFEaLPckjN3xO9y0dZEb6rTDT7MIqlNdLe+5kGiHcBvAiBZBUR5DNZ+ySW6WGF8gCaud4eQocTUnw=="
    }
  }
}
